
Microsoft Visual Studio Solution File, Format Version 12.00
# Visual Studio Version 16
VisualStudioVersion = 16.0.29613.14
MinimumVisualStudioVersion = 10.0.40219.1
Project("{9A19103F-16F7-4668-BE54-9A1E7A4F7556}") = "DesktopTracker.Terminal", "DesktopTracker.Terminal\DesktopTracker.Terminal.csproj", "{0F7603E5-9073-4F6E-9A86-355BFD0AD111}"
EndProject
Project("{9A19103F-16F7-4668-BE54-9A1E7A4F7556}") = "DesktopTracker.Infra", "DesktopTracker.Infrastructure\DesktopTracker.Infra.csproj", "{03F311AA-7740-460A-9E5A-C434C90BF71C}"
EndProject
Project("{FAE04EC0-301F-11D3-BF4B-00C04F79EFBC}") = "DesktopTracker.Tests", "DesktopTracker.Tests\DesktopTracker.Tests.csproj", "{94635DCD-B287-44D5-9F6A-9B862EC3D9AA}"
EndProject
Global
	GlobalSection(SolutionConfigurationPlatforms) = preSolution
		Debug|Any CPU = Debug|Any CPU
		Release|Any CPU = Release|Any CPU
	EndGlobalSection
	GlobalSection(ProjectConfigurationPlatforms) = postSolution
		{0F7603E5-9073-4F6E-9A86-355BFD0AD111}.Debug|Any CPU.ActiveCfg = Debug|Any CPU
		{0F7603E5-9073-4F6E-9A86-355BFD0AD111}.Debug|Any CPU.Build.0 = Debug|Any CPU
		{0F7603E5-9073-4F6E-9A86-355BFD0AD111}.Release|Any CPU.ActiveCfg = Release|Any CPU
		{0F7603E5-9073-4F6E-9A86-355BFD0AD111}.Release|Any CPU.Build.0 = Release|Any CPU
		{03F311AA-7740-460A-9E5A-C434C90BF71C}.Debug|Any CPU.ActiveCfg = Debug|Any CPU
		{03F311AA-7740-460A-9E5A-C434C90BF71C}.Debug|Any CPU.Build.0 = Debug|Any CPU
		{03F311AA-7740-460A-9E5A-C434C90BF71C}.Release|Any CPU.ActiveCfg = Release|Any CPU
		{03F311AA-7740-460A-9E5A-C434C90BF71C}.Release|Any CPU.Build.0 = Release|Any CPU
		{94635DCD-B287-44D5-9F6A-9B862EC3D9AA}.Debug|Any CPU.ActiveCfg = Debug|Any CPU
		{94635DCD-B287-44D5-9F6A-9B862EC3D9AA}.Debug|Any CPU.Build.0 = Debug|Any CPU
		{94635DCD-B287-44D5-9F6A-9B862EC3D9AA}.Release|Any CPU.ActiveCfg = Release|Any CPU
		{94635DCD-B287-44D5-9F6A-9B862EC3D9AA}.Release|Any CPU.Build.0 = Release|Any CPU
	EndGlobalSection
	GlobalSection(SolutionProperties) = preSolution
		HideSolutionNode = FALSE
	EndGlobalSection
	GlobalSection(ExtensibilityGlobals) = postSolution
		SolutionGuid = {C5ADD062-875D-4659-BDE3-E8B8FF4F517A}
	EndGlobalSection
EndGlobal
